
Microsoft Visual Studio Solution File, Format Version 12.00
# Visual Studio Version 17
VisualStudioVersion = 17.7.34031.279
MinimumVisualStudioVersion = 10.0.40219.1
Project("{FAE04EC0-301F-11D3-BF4B-00C04F79EFBC}") = "Umovie", "Umovie\Umovie.csproj", "{857CC6CE-335B-4A86-9D1E-4D4740312929}"
EndProject
Project("{FAE04EC0-301F-11D3-BF4B-00C04F79EFBC}") = "BLL", "BLL\BLL.csproj", "{AC5557B5-C02A-4E07-9F58-30C72A11E568}"
EndProject
Project("{FAE04EC0-301F-11D3-BF4B-00C04F79EFBC}") = "DALL", "DALL\DALL.csproj", "{80940815-78AE-44CB-B41D-C2FA13DBE5D4}"
EndProject
Project("{FAE04EC0-301F-11D3-BF4B-00C04F79EFBC}") = "Models", "Models\Models.csproj", "{0C0AE06A-4CBB-441E-B5CA-D62572A543F4}"
EndProject
Global
	GlobalSection(SolutionConfigurationPlatforms) = preSolution
		Debug|Any CPU = Debug|Any CPU
		Release|Any CPU = Release|Any CPU
	EndGlobalSection
	GlobalSection(ProjectConfigurationPlatforms) = postSolution
		{857CC6CE-335B-4A86-9D1E-4D4740312929}.Debug|Any CPU.ActiveCfg = Debug|Any CPU
		{857CC6CE-335B-4A86-9D1E-4D4740312929}.Debug|Any CPU.Build.0 = Debug|Any CPU
		{857CC6CE-335B-4A86-9D1E-4D4740312929}.Release|Any CPU.ActiveCfg = Release|Any CPU
		{857CC6CE-335B-4A86-9D1E-4D4740312929}.Release|Any CPU.Build.0 = Release|Any CPU
		{AC5557B5-C02A-4E07-9F58-30C72A11E568}.Debug|Any CPU.ActiveCfg = Debug|Any CPU
		{AC5557B5-C02A-4E07-9F58-30C72A11E568}.Debug|Any CPU.Build.0 = Debug|Any CPU
		{AC5557B5-C02A-4E07-9F58-30C72A11E568}.Release|Any CPU.ActiveCfg = Release|Any CPU
		{AC5557B5-C02A-4E07-9F58-30C72A11E568}.Release|Any CPU.Build.0 = Release|Any CPU
		{80940815-78AE-44CB-B41D-C2FA13DBE5D4}.Debug|Any CPU.ActiveCfg = Debug|Any CPU
		{80940815-78AE-44CB-B41D-C2FA13DBE5D4}.Debug|Any CPU.Build.0 = Debug|Any CPU
		{80940815-78AE-44CB-B41D-C2FA13DBE5D4}.Release|Any CPU.ActiveCfg = Release|Any CPU
		{80940815-78AE-44CB-B41D-C2FA13DBE5D4}.Release|Any CPU.Build.0 = Release|Any CPU
		{0C0AE06A-4CBB-441E-B5CA-D62572A543F4}.Debug|Any CPU.ActiveCfg = Debug|Any CPU
		{0C0AE06A-4CBB-441E-B5CA-D62572A543F4}.Debug|Any CPU.Build.0 = Debug|Any CPU
		{0C0AE06A-4CBB-441E-B5CA-D62572A543F4}.Release|Any CPU.ActiveCfg = Release|Any CPU
		{0C0AE06A-4CBB-441E-B5CA-D62572A543F4}.Release|Any CPU.Build.0 = Release|Any CPU
	EndGlobalSection
	GlobalSection(SolutionProperties) = preSolution
		HideSolutionNode = FALSE
	EndGlobalSection
	GlobalSection(ExtensibilityGlobals) = postSolution
		SolutionGuid = {A0497CD1-1006-49EF-9EC6-FB433658B657}
	EndGlobalSection
EndGlobal
