
Microsoft Visual Studio Solution File, Format Version 12.00
# Visual Studio Version 17
VisualStudioVersion = 17.7.34031.279
MinimumVisualStudioVersion = 10.0.40219.1
Project("{FAE04EC0-301F-11D3-BF4B-00C04F79EFBC}") = "VPT", "VPT\VPT.csproj", "{AB775482-B917-4B5B-A7F8-CCE8EE61D927}"
EndProject
Project("{FAE04EC0-301F-11D3-BF4B-00C04F79EFBC}") = "VptLibrary", "VptLibrary\VptLibrary.csproj", "{59C664CB-516F-4DB2-9A68-BF18D8B5EA5A}"
EndProject
Global
	GlobalSection(SolutionConfigurationPlatforms) = preSolution
		Debug|Any CPU = Debug|Any CPU
		Release|Any CPU = Release|Any CPU
	EndGlobalSection
	GlobalSection(ProjectConfigurationPlatforms) = postSolution
		{AB775482-B917-4B5B-A7F8-CCE8EE61D927}.Debug|Any CPU.ActiveCfg = Debug|Any CPU
		{AB775482-B917-4B5B-A7F8-CCE8EE61D927}.Debug|Any CPU.Build.0 = Debug|Any CPU
		{AB775482-B917-4B5B-A7F8-CCE8EE61D927}.Release|Any CPU.ActiveCfg = Release|Any CPU
		{AB775482-B917-4B5B-A7F8-CCE8EE61D927}.Release|Any CPU.Build.0 = Release|Any CPU
		{59C664CB-516F-4DB2-9A68-BF18D8B5EA5A}.Debug|Any CPU.ActiveCfg = Debug|Any CPU
		{59C664CB-516F-4DB2-9A68-BF18D8B5EA5A}.Debug|Any CPU.Build.0 = Debug|Any CPU
		{59C664CB-516F-4DB2-9A68-BF18D8B5EA5A}.Release|Any CPU.ActiveCfg = Release|Any CPU
		{59C664CB-516F-4DB2-9A68-BF18D8B5EA5A}.Release|Any CPU.Build.0 = Release|Any CPU
	EndGlobalSection
	GlobalSection(SolutionProperties) = preSolution
		HideSolutionNode = FALSE
	EndGlobalSection
	GlobalSection(ExtensibilityGlobals) = postSolution
		SolutionGuid = {335F5B51-618F-4366-80A4-FAD96BED5698}
	EndGlobalSection
EndGlobal
