
Microsoft Visual Studio Solution File, Format Version 12.00
# Visual Studio Version 17
VisualStudioVersion = 17.7.34031.279
MinimumVisualStudioVersion = 10.0.40219.1
Project("{9A19103F-16F7-4668-BE54-9A1E7A4F7556}") = "Database_structuur_testomgeving", "Database_structuur_testomgeving\Database_structuur_testomgeving.csproj", "{5E315F19-365F-4209-9AB2-42AC70C17496}"
EndProject
Global
	GlobalSection(SolutionConfigurationPlatforms) = preSolution
		Debug|Any CPU = Debug|Any CPU
		Release|Any CPU = Release|Any CPU
	EndGlobalSection
	GlobalSection(ProjectConfigurationPlatforms) = postSolution
		{5E315F19-365F-4209-9AB2-42AC70C17496}.Debug|Any CPU.ActiveCfg = Debug|Any CPU
		{5E315F19-365F-4209-9AB2-42AC70C17496}.Debug|Any CPU.Build.0 = Debug|Any CPU
		{5E315F19-365F-4209-9AB2-42AC70C17496}.Release|Any CPU.ActiveCfg = Release|Any CPU
		{5E315F19-365F-4209-9AB2-42AC70C17496}.Release|Any CPU.Build.0 = Release|Any CPU
	EndGlobalSection
	GlobalSection(SolutionProperties) = preSolution
		HideSolutionNode = FALSE
	EndGlobalSection
	GlobalSection(ExtensibilityGlobals) = postSolution
		SolutionGuid = {C8786CA3-1D80-4879-92BC-C6A5D9084F20}
	EndGlobalSection
EndGlobal
